// !$*UTF8*$!
{
	archiveVersion = 1;
	classes = {
	};
	objectVersion = 55;
	objects = {

/* Begin PBXBuildFile section */
		C50024302743FEEF008E06AD /* CurrentWeather.swift in Sources */ = {isa = PBXBuildFile; fileRef = C500242F2743FEEF008E06AD /* CurrentWeather.swift */; };
		C525E76B2742D0AE0051AA35 /* NetworkWeatherManager.swift in Sources */ = {isa = PBXBuildFile; fileRef = C525E76A2742D0AE0051AA35 /* NetworkWeatherManager.swift */; };
		C525E76D2742D27F0051AA35 /* Constants.swift in Sources */ = {isa = PBXBuildFile; fileRef = C525E76C2742D27F0051AA35 /* Constants.swift */; };
		C5CD3EAF2742C2D1001E54FD /* AppDelegate.swift in Sources */ = {isa = PBXBuildFile; fileRef = C5CD3EAE2742C2D1001E54FD /* AppDelegate.swift */; };
		C5CD3EB12742C2D1001E54FD /* SceneDelegate.swift in Sources */ = {isa = PBXBuildFile; fileRef = C5CD3EB02742C2D1001E54FD /* SceneDelegate.swift */; };
		C5CD3EB32742C2D1001E54FD /* ViewController.swift in Sources */ = {isa = PBXBuildFile; fileRef = C5CD3EB22742C2D1001E54FD /* ViewController.swift */; };
		C5CD3EB62742C2D1001E54FD /* Main.storyboard in Resources */ = {isa = PBXBuildFile; fileRef = C5CD3EB42742C2D1001E54FD /* Main.storyboard */; };
		C5CD3EB82742C2D1001E54FD /* Assets.xcassets in Resources */ = {isa = PBXBuildFile; fileRef = C5CD3EB72742C2D1001E54FD /* Assets.xcassets */; };
		C5CD3EBB2742C2D1001E54FD /* LaunchScreen.storyboard in Resources */ = {isa = PBXBuildFile; fileRef = C5CD3EB92742C2D1001E54FD /* LaunchScreen.storyboard */; };
		C5CD3EC72742C627001E54FD /* ViewController+alertController.swift in Sources */ = {isa = PBXBuildFile; fileRef = C5CD3EC62742C627001E54FD /* ViewController+alertController.swift */; };
		C5D0F77C2742E32D00F96747 /* CurrentWeatherData.swift in Sources */ = {isa = PBXBuildFile; fileRef = C5D0F77B2742E32D00F96747 /* CurrentWeatherData.swift */; };
/* End PBXBuildFile section */

/* Begin PBXFileReference section */
		C500242F2743FEEF008E06AD /* CurrentWeather.swift */ = {isa = PBXFileReference; lastKnownFileType = sourcecode.swift; path = CurrentWeather.swift; sourceTree = "<group>"; };
		C525E76A2742D0AE0051AA35 /* NetworkWeatherManager.swift */ = {isa = PBXFileReference; lastKnownFileType = sourcecode.swift; path = NetworkWeatherManager.swift; sourceTree = "<group>"; };
		C525E76C2742D27F0051AA35 /* Constants.swift */ = {isa = PBXFileReference; lastKnownFileType = sourcecode.swift; path = Constants.swift; sourceTree = "<group>"; };
		C5CD3EAB2742C2D1001E54FD /* weather-app.app */ = {isa = PBXFileReference; explicitFileType = wrapper.application; includeInIndex = 0; path = "weather-app.app"; sourceTree = BUILT_PRODUCTS_DIR; };
		C5CD3EAE2742C2D1001E54FD /* AppDelegate.swift */ = {isa = PBXFileReference; lastKnownFileType = sourcecode.swift; path = AppDelegate.swift; sourceTree = "<group>"; };
		C5CD3EB02742C2D1001E54FD /* SceneDelegate.swift */ = {isa = PBXFileReference; lastKnownFileType = sourcecode.swift; path = SceneDelegate.swift; sourceTree = "<group>"; };
		C5CD3EB22742C2D1001E54FD /* ViewController.swift */ = {isa = PBXFileReference; lastKnownFileType = sourcecode.swift; path = ViewController.swift; sourceTree = "<group>"; };
		C5CD3EB52742C2D1001E54FD /* Base */ = {isa = PBXFileReference; lastKnownFileType = file.storyboard; name = Base; path = Base.lproj/Main.storyboard; sourceTree = "<group>"; };
		C5CD3EB72742C2D1001E54FD /* Assets.xcassets */ = {isa = PBXFileReference; lastKnownFileType = folder.assetcatalog; path = Assets.xcassets; sourceTree = "<group>"; };
		C5CD3EBA2742C2D1001E54FD /* Base */ = {isa = PBXFileReference; lastKnownFileType = file.storyboard; name = Base; path = Base.lproj/LaunchScreen.storyboard; sourceTree = "<group>"; };
		C5CD3EBC2742C2D1001E54FD /* Info.plist */ = {isa = PBXFileReference; lastKnownFileType = text.plist.xml; path = Info.plist; sourceTree = "<group>"; };
		C5CD3EC62742C627001E54FD /* ViewController+alertController.swift */ = {isa = PBXFileReference; lastKnownFileType = sourcecode.swift; path = "ViewController+alertController.swift"; sourceTree = "<group>"; };
		C5D0F77B2742E32D00F96747 /* CurrentWeatherData.swift */ = {isa = PBXFileReference; lastKnownFileType = sourcecode.swift; path = CurrentWeatherData.swift; sourceTree = "<group>"; };
/* End PBXFileReference section */

/* Begin PBXFrameworksBuildPhase section */
		C5CD3EA82742C2D1001E54FD /* Frameworks */ = {
			isa = PBXFrameworksBuildPhase;
			buildActionMask = 2147483647;
			files = (
			);
			runOnlyForDeploymentPostprocessing = 0;
		};
/* End PBXFrameworksBuildPhase section */

/* Begin PBXGroup section */
		C5CD3EA22742C2D1001E54FD = {
			isa = PBXGroup;
			children = (
				C5CD3EAD2742C2D1001E54FD /* weather-app */,
				C5CD3EAC2742C2D1001E54FD /* Products */,
			);
			sourceTree = "<group>";
		};
		C5CD3EAC2742C2D1001E54FD /* Products */ = {
			isa = PBXGroup;
			children = (
				C5CD3EAB2742C2D1001E54FD /* weather-app.app */,
			);
			name = Products;
			sourceTree = "<group>";
		};
		C5CD3EAD2742C2D1001E54FD /* weather-app */ = {
			isa = PBXGroup;
			children = (
				C5CD3EC52742C5CE001E54FD /* Supporting Files */,
				C5CD3EC42742C5AA001E54FD /* Models */,
				C5CD3EC22742C574001E54FD /* Controllers */,
				C5CD3EC32742C587001E54FD /* Views */,
				C5CD3EBC2742C2D1001E54FD /* Info.plist */,
			);
			path = "weather-app";
			sourceTree = "<group>";
		};
		C5CD3EC22742C574001E54FD /* Controllers */ = {
			isa = PBXGroup;
			children = (
				C5CD3EB22742C2D1001E54FD /* ViewController.swift */,
				C5CD3EC62742C627001E54FD /* ViewController+alertController.swift */,
			);
			path = Controllers;
			sourceTree = "<group>";
		};
		C5CD3EC32742C587001E54FD /* Views */ = {
			isa = PBXGroup;
			children = (
				C5CD3EB42742C2D1001E54FD /* Main.storyboard */,
			);
			path = Views;
			sourceTree = "<group>";
		};
		C5CD3EC42742C5AA001E54FD /* Models */ = {
			isa = PBXGroup;
			children = (
				C525E76A2742D0AE0051AA35 /* NetworkWeatherManager.swift */,
				C500242F2743FEEF008E06AD /* CurrentWeather.swift */,
				C5D0F77B2742E32D00F96747 /* CurrentWeatherData.swift */,
			);
			path = Models;
			sourceTree = "<group>";
		};
		C5CD3EC52742C5CE001E54FD /* Supporting Files */ = {
			isa = PBXGroup;
			children = (
				C5CD3EB92742C2D1001E54FD /* LaunchScreen.storyboard */,
				C5CD3EAE2742C2D1001E54FD /* AppDelegate.swift */,
				C5CD3EB02742C2D1001E54FD /* SceneDelegate.swift */,
				C5CD3EB72742C2D1001E54FD /* Assets.xcassets */,
				C525E76C2742D27F0051AA35 /* Constants.swift */,
			);
			path = "Supporting Files";
			sourceTree = "<group>";
		};
/* End PBXGroup section */

/* Begin PBXNativeTarget section */
		C5CD3EAA2742C2D1001E54FD /* weather-app */ = {
			isa = PBXNativeTarget;
			buildConfigurationList = C5CD3EBF2742C2D1001E54FD /* Build configuration list for PBXNativeTarget "weather-app" */;
			buildPhases = (
				C5CD3EA72742C2D1001E54FD /* Sources */,
				C5CD3EA82742C2D1001E54FD /* Frameworks */,
				C5CD3EA92742C2D1001E54FD /* Resources */,
			);
			buildRules = (
			);
			dependencies = (
			);
			name = "weather-app";
			productName = "weather-app";
			productReference = C5CD3EAB2742C2D1001E54FD /* weather-app.app */;
			productType = "com.apple.product-type.application";
		};
/* End PBXNativeTarget section */

/* Begin PBXProject section */
		C5CD3EA32742C2D1001E54FD /* Project object */ = {
			isa = PBXProject;
			attributes = {
				BuildIndependentTargetsInParallel = 1;
				LastSwiftUpdateCheck = 1310;
				LastUpgradeCheck = 1310;
				TargetAttributes = {
					C5CD3EAA2742C2D1001E54FD = {
						CreatedOnToolsVersion = 13.1;
					};
				};
			};
			buildConfigurationList = C5CD3EA62742C2D1001E54FD /* Build configuration list for PBXProject "weather-app" */;
			compatibilityVersion = "Xcode 13.0";
			developmentRegion = en;
			hasScannedForEncodings = 0;
			knownRegions = (
				en,
				Base,
			);
			mainGroup = C5CD3EA22742C2D1001E54FD;
			productRefGroup = C5CD3EAC2742C2D1001E54FD /* Products */;
			projectDirPath = "";
			projectRoot = "";
			targets = (
				C5CD3EAA2742C2D1001E54FD /* weather-app */,
			);
		};
/* End PBXProject section */

/* Begin PBXResourcesBuildPhase section */
		C5CD3EA92742C2D1001E54FD /* Resources */ = {
			isa = PBXResourcesBuildPhase;
			buildActionMask = 2147483647;
			files = (
				C5CD3EBB2742C2D1001E54FD /* LaunchScreen.storyboard in Resources */,
				C5CD3EB82742C2D1001E54FD /* Assets.xcassets in Resources */,
				C5CD3EB62742C2D1001E54FD /* Main.storyboard in Resources */,
			);
			runOnlyForDeploymentPostprocessing = 0;
		};
/* End PBXResourcesBuildPhase section */

/* Begin PBXSourcesBuildPhase section */
		C5CD3EA72742C2D1001E54FD /* Sources */ = {
			isa = PBXSourcesBuildPhase;
			buildActionMask = 2147483647;
			files = (
				C5CD3EB32742C2D1001E54FD /* ViewController.swift in Sources */,
				C5CD3EC72742C627001E54FD /* ViewController+alertController.swift in Sources */,
				C50024302743FEEF008E06AD /* CurrentWeather.swift in Sources */,
				C525E76B2742D0AE0051AA35 /* NetworkWeatherManager.swift in Sources */,
				C5CD3EAF2742C2D1001E54FD /* AppDelegate.swift in Sources */,
				C5CD3EB12742C2D1001E54FD /* SceneDelegate.swift in Sources */,
				C5D0F77C2742E32D00F96747 /* CurrentWeatherData.swift in Sources */,
				C525E76D2742D27F0051AA35 /* Constants.swift in Sources */,
			);
			runOnlyForDeploymentPostprocessing = 0;
		};
/* End PBXSourcesBuildPhase section */

/* Begin PBXVariantGroup section */
		C5CD3EB42742C2D1001E54FD /* Main.storyboard */ = {
			isa = PBXVariantGroup;
			children = (
				C5CD3EB52742C2D1001E54FD /* Base */,
			);
			name = Main.storyboard;
			sourceTree = "<group>";
		};
		C5CD3EB92742C2D1001E54FD /* LaunchScreen.storyboard */ = {
			isa = PBXVariantGroup;
			children = (
				C5CD3EBA2742C2D1001E54FD /* Base */,
			);
			name = LaunchScreen.storyboard;
			sourceTree = "<group>";
		};
/* End PBXVariantGroup section */

/* Begin XCBuildConfiguration section */
		C5CD3EBD2742C2D1001E54FD /* Debug */ = {
			isa = XCBuildConfiguration;
			buildSettings = {
				ALWAYS_SEARCH_USER_PATHS = NO;
				CLANG_ANALYZER_NONNULL = YES;
				CLANG_ANALYZER_NUMBER_OBJECT_CONVERSION = YES_AGGRESSIVE;
				CLANG_CXX_LANGUAGE_STANDARD = "gnu++17";
				CLANG_CXX_LIBRARY = "libc++";
				CLANG_ENABLE_MODULES = YES;
				CLANG_ENABLE_OBJC_ARC = YES;
				CLANG_ENABLE_OBJC_WEAK = YES;
				CLANG_WARN_BLOCK_CAPTURE_AUTORELEASING = YES;
				CLANG_WARN_BOOL_CONVERSION = YES;
				CLANG_WARN_COMMA = YES;
				CLANG_WARN_CONSTANT_CONVERSION = YES;
				CLANG_WARN_DEPRECATED_OBJC_IMPLEMENTATIONS = YES;
				CLANG_WARN_DIRECT_OBJC_ISA_USAGE = YES_ERROR;
				CLANG_WARN_DOCUMENTATION_COMMENTS = YES;
				CLANG_WARN_EMPTY_BODY = YES;
				CLANG_WARN_ENUM_CONVERSION = YES;
				CLANG_WARN_INFINITE_RECURSION = YES;
				CLANG_WARN_INT_CONVERSION = YES;
				CLANG_WARN_NON_LITERAL_NULL_CONVERSION = YES;
				CLANG_WARN_OBJC_IMPLICIT_RETAIN_SELF = YES;
				CLANG_WARN_OBJC_LITERAL_CONVERSION = YES;
				CLANG_WARN_OBJC_ROOT_CLASS = YES_ERROR;
				CLANG_WARN_QUOTED_INCLUDE_IN_FRAMEWORK_HEADER = YES;
				CLANG_WARN_RANGE_LOOP_ANALYSIS = YES;
				CLANG_WARN_STRICT_PROTOTYPES = YES;
				CLANG_WARN_SUSPICIOUS_MOVE = YES;
				CLANG_WARN_UNGUARDED_AVAILABILITY = YES_AGGRESSIVE;
				CLANG_WARN_UNREACHABLE_CODE = YES;
				CLANG_WARN__DUPLICATE_METHOD_MATCH = YES;
				COPY_PHASE_STRIP = NO;
				DEBUG_INFORMATION_FORMAT = dwarf;
				ENABLE_STRICT_OBJC_MSGSEND = YES;
				ENABLE_TESTABILITY = YES;
				GCC_C_LANGUAGE_STANDARD = gnu11;
				GCC_DYNAMIC_NO_PIC = NO;
				GCC_NO_COMMON_BLOCKS = YES;
				GCC_OPTIMIZATION_LEVEL = 0;
				GCC_PREPROCESSOR_DEFINITIONS = (
					"DEBUG=1",
					"$(inherited)",
				);
				GCC_WARN_64_TO_32_BIT_CONVERSION = YES;
				GCC_WARN_ABOUT_RETURN_TYPE = YES_ERROR;
				GCC_WARN_UNDECLARED_SELECTOR = YES;
				GCC_WARN_UNINITIALIZED_AUTOS = YES_AGGRESSIVE;
				GCC_WARN_UNUSED_FUNCTION = YES;
				GCC_WARN_UNUSED_VARIABLE = YES;
				IPHONEOS_DEPLOYMENT_TARGET = 15.0;
				MTL_ENABLE_DEBUG_INFO = INCLUDE_SOURCE;
				MTL_FAST_MATH = YES;
				ONLY_ACTIVE_ARCH = YES;
				SDKROOT = iphoneos;
				SWIFT_ACTIVE_COMPILATION_CONDITIONS = DEBUG;
				SWIFT_OPTIMIZATION_LEVEL = "-Onone";
			};
			name = Debug;
		};
		C5CD3EBE2742C2D1001E54FD /* Release */ = {
			isa = XCBuildConfiguration;
			buildSettings = {
				ALWAYS_SEARCH_USER_PATHS = NO;
				CLANG_ANALYZER_NONNULL = YES;
				CLANG_ANALYZER_NUMBER_OBJECT_CONVERSION = YES_AGGRESSIVE;
				CLANG_CXX_LANGUAGE_STANDARD = "gnu++17";
				CLANG_CXX_LIBRARY = "libc++";
				CLANG_ENABLE_MODULES = YES;
				CLANG_ENABLE_OBJC_ARC = YES;
				CLANG_ENABLE_OBJC_WEAK = YES;
				CLANG_WARN_BLOCK_CAPTURE_AUTORELEASING = YES;
				CLANG_WARN_BOOL_CONVERSION = YES;
				CLANG_WARN_COMMA = YES;
				CLANG_WARN_CONSTANT_CONVERSION = YES;
				CLANG_WARN_DEPRECATED_OBJC_IMPLEMENTATIONS = YES;
				CLANG_WARN_DIRECT_OBJC_ISA_USAGE = YES_ERROR;
				CLANG_WARN_DOCUMENTATION_COMMENTS = YES;
				CLANG_WARN_EMPTY_BODY = YES;
				CLANG_WARN_ENUM_CONVERSION = YES;
				CLANG_WARN_INFINITE_RECURSION = YES;
				CLANG_WARN_INT_CONVERSION = YES;
				CLANG_WARN_NON_LITERAL_NULL_CONVERSION = YES;
				CLANG_WARN_OBJC_IMPLICIT_RETAIN_SELF = YES;
				CLANG_WARN_OBJC_LITERAL_CONVERSION = YES;
				CLANG_WARN_OBJC_ROOT_CLASS = YES_ERROR;
				CLANG_WARN_QUOTED_INCLUDE_IN_FRAMEWORK_HEADER = YES;
				CLANG_WARN_RANGE_LOOP_ANALYSIS = YES;
				CLANG_WARN_STRICT_PROTOTYPES = YES;
				CLANG_WARN_SUSPICIOUS_MOVE = YES;
				CLANG_WARN_UNGUARDED_AVAILABILITY = YES_AGGRESSIVE;
				CLANG_WARN_UNREACHABLE_CODE = YES;
				CLANG_WARN__DUPLICATE_METHOD_MATCH = YES;
				COPY_PHASE_STRIP = NO;
				DEBUG_INFORMATION_FORMAT = "dwarf-with-dsym";
				ENABLE_NS_ASSERTIONS = NO;
				ENABLE_STRICT_OBJC_MSGSEND = YES;
				GCC_C_LANGUAGE_STANDARD = gnu11;
				GCC_NO_COMMON_BLOCKS = YES;
				GCC_WARN_64_TO_32_BIT_CONVERSION = YES;
				GCC_WARN_ABOUT_RETURN_TYPE = YES_ERROR;
				GCC_WARN_UNDECLARED_SELECTOR = YES;
				GCC_WARN_UNINITIALIZED_AUTOS = YES_AGGRESSIVE;
				GCC_WARN_UNUSED_FUNCTION = YES;
				GCC_WARN_UNUSED_VARIABLE = YES;
				IPHONEOS_DEPLOYMENT_TARGET = 15.0;
				MTL_ENABLE_DEBUG_INFO = NO;
				MTL_FAST_MATH = YES;
				SDKROOT = iphoneos;
				SWIFT_COMPILATION_MODE = wholemodule;
				SWIFT_OPTIMIZATION_LEVEL = "-O";
				VALIDATE_PRODUCT = YES;
			};
			name = Release;
		};
		C5CD3EC02742C2D1001E54FD /* Debug */ = {
			isa = XCBuildConfiguration;
			buildSettings = {
				ASSETCATALOG_COMPILER_APPICON_NAME = AppIcon;
				ASSETCATALOG_COMPILER_GLOBAL_ACCENT_COLOR_NAME = AccentColor;
				CODE_SIGN_STYLE = Automatic;
				CURRENT_PROJECT_VERSION = 1;
				DEVELOPMENT_TEAM = MNX7G7328F;
				GENERATE_INFOPLIST_FILE = YES;
				INFOPLIST_FILE = "weather-app/Info.plist";
				INFOPLIST_KEY_UIApplicationSupportsIndirectInputEvents = YES;
				INFOPLIST_KEY_UILaunchStoryboardName = LaunchScreen;
				INFOPLIST_KEY_UIMainStoryboardFile = Main;
				INFOPLIST_KEY_UISupportedInterfaceOrientations_iPad = "UIInterfaceOrientationPortrait UIInterfaceOrientationPortraitUpsideDown UIInterfaceOrientationLandscapeLeft UIInterfaceOrientationLandscapeRight";
				INFOPLIST_KEY_UISupportedInterfaceOrientations_iPhone = "UIInterfaceOrientationPortrait UIInterfaceOrientationLandscapeLeft UIInterfaceOrientationLandscapeRight";
				LD_RUNPATH_SEARCH_PATHS = (
					"$(inherited)",
					"@executable_path/Frameworks",
				);
				MARKETING_VERSION = 1.0;
				PRODUCT_BUNDLE_IDENTIFIER = "education.weather-app";
				PRODUCT_NAME = "$(TARGET_NAME)";
				SWIFT_EMIT_LOC_STRINGS = YES;
				SWIFT_VERSION = 5.0;
				TARGETED_DEVICE_FAMILY = "1,2";
			};
			name = Debug;
		};
		C5CD3EC12742C2D1001E54FD /* Release */ = {
			isa = XCBuildConfiguration;
			buildSettings = {
				ASSETCATALOG_COMPILER_APPICON_NAME = AppIcon;
				ASSETCATALOG_COMPILER_GLOBAL_ACCENT_COLOR_NAME = AccentColor;
				CODE_SIGN_STYLE = Automatic;
				CURRENT_PROJECT_VERSION = 1;
				DEVELOPMENT_TEAM = MNX7G7328F;
				GENERATE_INFOPLIST_FILE = YES;
				INFOPLIST_FILE = "weather-app/Info.plist";
				INFOPLIST_KEY_UIApplicationSupportsIndirectInputEvents = YES;
				INFOPLIST_KEY_UILaunchStoryboardName = LaunchScreen;
				INFOPLIST_KEY_UIMainStoryboardFile = Main;
				INFOPLIST_KEY_UISupportedInterfaceOrientations_iPad = "UIInterfaceOrientationPortrait UIInterfaceOrientationPortraitUpsideDown UIInterfaceOrientationLandscapeLeft UIInterfaceOrientationLandscapeRight";
				INFOPLIST_KEY_UISupportedInterfaceOrientations_iPhone = "UIInterfaceOrientationPortrait UIInterfaceOrientationLandscapeLeft UIInterfaceOrientationLandscapeRight";
				LD_RUNPATH_SEARCH_PATHS = (
					"$(inherited)",
					"@executable_path/Frameworks",
				);
				MARKETING_VERSION = 1.0;
				PRODUCT_BUNDLE_IDENTIFIER = "education.weather-app";
				PRODUCT_NAME = "$(TARGET_NAME)";
				SWIFT_EMIT_LOC_STRINGS = YES;
				SWIFT_VERSION = 5.0;
				TARGETED_DEVICE_FAMILY = "1,2";
			};
			name = Release;
		};
/* End XCBuildConfiguration section */

/* Begin XCConfigurationList section */
		C5CD3EA62742C2D1001E54FD /* Build configuration list for PBXProject "weather-app" */ = {
			isa = XCConfigurationList;
			buildConfigurations = (
				C5CD3EBD2742C2D1001E54FD /* Debug */,
				C5CD3EBE2742C2D1001E54FD /* Release */,
			);
			defaultConfigurationIsVisible = 0;
			defaultConfigurationName = Release;
		};
		C5CD3EBF2742C2D1001E54FD /* Build configuration list for PBXNativeTarget "weather-app" */ = {
			isa = XCConfigurationList;
			buildConfigurations = (
				C5CD3EC02742C2D1001E54FD /* Debug */,
				C5CD3EC12742C2D1001E54FD /* Release */,
			);
			defaultConfigurationIsVisible = 0;
			defaultConfigurationName = Release;
		};
/* End XCConfigurationList section */
	};
	rootObject = C5CD3EA32742C2D1001E54FD /* Project object */;
}
